
Microsoft Visual Studio Solution File, Format Version 12.00
# Visual Studio 15
VisualStudioVersion = 15.0.28010.2019
MinimumVisualStudioVersion = 10.0.40219.1
Project("{FAE04EC0-301F-11D3-BF4B-00C04F79EFBC}") = "FormsApp", "FormsApp\FormsApp.csproj", "{6F98BCBE-B791-4E2C-9749-0D71A55B417C}"
EndProject
Project("{9A19103F-16F7-4668-BE54-9A1E7A4F7556}") = "SetLibrary", "SetLibrary\SetLibrary.csproj", "{FF8AA423-A391-4810-BE7F-6518E8549B75}"
EndProject
Global
	GlobalSection(SolutionConfigurationPlatforms) = preSolution
		Debug|Any CPU = Debug|Any CPU
		Release|Any CPU = Release|Any CPU
	EndGlobalSection
	GlobalSection(ProjectConfigurationPlatforms) = postSolution
		{6F98BCBE-B791-4E2C-9749-0D71A55B417C}.Debug|Any CPU.ActiveCfg = Debug|Any CPU
		{6F98BCBE-B791-4E2C-9749-0D71A55B417C}.Debug|Any CPU.Build.0 = Debug|Any CPU
		{6F98BCBE-B791-4E2C-9749-0D71A55B417C}.Release|Any CPU.ActiveCfg = Release|Any CPU
		{6F98BCBE-B791-4E2C-9749-0D71A55B417C}.Release|Any CPU.Build.0 = Release|Any CPU
		{FF8AA423-A391-4810-BE7F-6518E8549B75}.Debug|Any CPU.ActiveCfg = Debug|Any CPU
		{FF8AA423-A391-4810-BE7F-6518E8549B75}.Debug|Any CPU.Build.0 = Debug|Any CPU
		{FF8AA423-A391-4810-BE7F-6518E8549B75}.Release|Any CPU.ActiveCfg = Release|Any CPU
		{FF8AA423-A391-4810-BE7F-6518E8549B75}.Release|Any CPU.Build.0 = Release|Any CPU
	EndGlobalSection
	GlobalSection(SolutionProperties) = preSolution
		HideSolutionNode = FALSE
	EndGlobalSection
	GlobalSection(ExtensibilityGlobals) = postSolution
		SolutionGuid = {D93AE58F-5612-490E-B68C-8DED52D6158D}
	EndGlobalSection
EndGlobal
