
Microsoft Visual Studio Solution File, Format Version 12.00
# Visual Studio 15
VisualStudioVersion = 15.0.28010.2026
MinimumVisualStudioVersion = 10.0.40219.1
Project("{FAE04EC0-301F-11D3-BF4B-00C04F79EFBC}") = "ModelLibrary", "ModelLibrary\ModelLibrary.csproj", "{3F49C1C5-E987-4FAD-9201-F7B4AF3341FF}"
EndProject
Project("{FAE04EC0-301F-11D3-BF4B-00C04F79EFBC}") = "NoteTrackUI", "NoteTrackUI\NoteTrackUI.csproj", "{C43EA791-6326-44AE-B24C-47638F116206}"
EndProject
Project("{FAE04EC0-301F-11D3-BF4B-00C04F79EFBC}") = "FileHandlerLibrary", "FileHandlerLibrary\FileHandlerLibrary.csproj", "{E95AE619-B661-4D59-AE68-CF018441C7D4}"
EndProject
Project("{FAE04EC0-301F-11D3-BF4B-00C04F79EFBC}") = "CommonComponents", "CommonComponents\CommonComponents.csproj", "{531017F5-458E-4A19-8E96-1DED8D28730F}"
EndProject
Global
	GlobalSection(SolutionConfigurationPlatforms) = preSolution
		Debug|Any CPU = Debug|Any CPU
		Release|Any CPU = Release|Any CPU
	EndGlobalSection
	GlobalSection(ProjectConfigurationPlatforms) = postSolution
		{3F49C1C5-E987-4FAD-9201-F7B4AF3341FF}.Debug|Any CPU.ActiveCfg = Debug|Any CPU
		{3F49C1C5-E987-4FAD-9201-F7B4AF3341FF}.Debug|Any CPU.Build.0 = Debug|Any CPU
		{3F49C1C5-E987-4FAD-9201-F7B4AF3341FF}.Release|Any CPU.ActiveCfg = Release|Any CPU
		{3F49C1C5-E987-4FAD-9201-F7B4AF3341FF}.Release|Any CPU.Build.0 = Release|Any CPU
		{C43EA791-6326-44AE-B24C-47638F116206}.Debug|Any CPU.ActiveCfg = Debug|Any CPU
		{C43EA791-6326-44AE-B24C-47638F116206}.Debug|Any CPU.Build.0 = Debug|Any CPU
		{C43EA791-6326-44AE-B24C-47638F116206}.Release|Any CPU.ActiveCfg = Release|Any CPU
		{C43EA791-6326-44AE-B24C-47638F116206}.Release|Any CPU.Build.0 = Release|Any CPU
		{E95AE619-B661-4D59-AE68-CF018441C7D4}.Debug|Any CPU.ActiveCfg = Debug|Any CPU
		{E95AE619-B661-4D59-AE68-CF018441C7D4}.Debug|Any CPU.Build.0 = Debug|Any CPU
		{E95AE619-B661-4D59-AE68-CF018441C7D4}.Release|Any CPU.ActiveCfg = Release|Any CPU
		{E95AE619-B661-4D59-AE68-CF018441C7D4}.Release|Any CPU.Build.0 = Release|Any CPU
		{531017F5-458E-4A19-8E96-1DED8D28730F}.Debug|Any CPU.ActiveCfg = Debug|Any CPU
		{531017F5-458E-4A19-8E96-1DED8D28730F}.Debug|Any CPU.Build.0 = Debug|Any CPU
		{531017F5-458E-4A19-8E96-1DED8D28730F}.Release|Any CPU.ActiveCfg = Release|Any CPU
		{531017F5-458E-4A19-8E96-1DED8D28730F}.Release|Any CPU.Build.0 = Release|Any CPU
	EndGlobalSection
	GlobalSection(SolutionProperties) = preSolution
		HideSolutionNode = FALSE
	EndGlobalSection
	GlobalSection(ExtensibilityGlobals) = postSolution
		SolutionGuid = {63D69776-C9F1-4CDD-9799-320261BD28BB}
	EndGlobalSection
EndGlobal
